{
  "requires": true,
  "lockfileVersion": 1,
  "dependencies": {
    "core-js": {
      "version": "3.6.5",
      "resolved": "https://registry.npmjs.org/core-js/-/core-js-3.6.5.tgz",
      "integrity": "sha512-vZVEEwZoIsI+vPEuoF9Iqf5H7/M3eeQqWlQnYa8FSKKePuYTf5MWnxb5SDAzCa60b3JBRS5g9b+Dq7b1y/RCrA=="
    },
    "fizzbuzzify": {
      "version": "2.1.0",
      "resolved": "https://registry.npmjs.org/fizzbuzzify/-/fizzbuzzify-2.1.0.tgz",
      "integrity": "sha512-nK9jgQa+hH/4ciwQIWm0pGso6OtqVRQkE1PCkmSpjiCg00vJRqEZpIws0oPjRDOlh5g6shIhCb22Qcz+YSPTyw==",
      "requires": {
        "core-js": "^3.1.4"
      }
    }
  }
}
